
Microsoft Visual Studio Solution File, Format Version 12.00
# Visual Studio 15
Project("{FAE04EC0-301F-11D3-BF4B-00C04F79EFBC}") = "Oculus.Interaction.Editor", "Oculus.Interaction.Editor.csproj", "{341A8C30-5809-8D70-540A-9B28F94F05B1}"
EndProject
Project("{FAE04EC0-301F-11D3-BF4B-00C04F79EFBC}") = "Meta.WitAi.Conduit", "Meta.WitAi.Conduit.csproj", "{5C0EDDF8-0E60-68B5-3E7D-A4F9AFD6AC13}"
EndProject
Project("{FAE04EC0-301F-11D3-BF4B-00C04F79EFBC}") = "Oculus.VR", "Oculus.VR.csproj", "{103E05F1-AF78-5B19-7AA3-C6B56401F71A}"
EndProject
Project("{FAE04EC0-301F-11D3-BF4B-00C04F79EFBC}") = "Oculus.Interaction", "Oculus.Interaction.csproj", "{ABBB5529-B970-AD3E-1EED-A39A133A40B4}"
EndProject
Project("{FAE04EC0-301F-11D3-BF4B-00C04F79EFBC}") = "Meta.Voice.Samples.ShapesConduit", "Meta.Voice.Samples.ShapesConduit.csproj", "{8AB9F13C-0599-8031-5CA8-CAC4924E8A1C}"
EndProject
Project("{FAE04EC0-301F-11D3-BF4B-00C04F79EFBC}") = "Meta.WitAi.Editor", "Meta.WitAi.Editor.csproj", "{4CDD855E-E3B6-027B-56C8-D107FD2CA219}"
EndProject
Project("{FAE04EC0-301F-11D3-BF4B-00C04F79EFBC}") = "Oculus.Platform", "Oculus.Platform.csproj", "{E201CF0D-9C7B-673E-1C01-65FF505752CA}"
EndProject
Project("{FAE04EC0-301F-11D3-BF4B-00C04F79EFBC}") = "VoiceSDK.Telemetry", "VoiceSDK.Telemetry.csproj", "{B1051335-B2BB-2ADC-748B-35C95FD81B05}"
EndProject
Project("{FAE04EC0-301F-11D3-BF4B-00C04F79EFBC}") = "Meta.WitAi.Conduit.Editor", "Meta.WitAi.Conduit.Editor.csproj", "{97AB7CC8-89AC-AEB8-91E2-D969C5D674C0}"
EndProject
Project("{FAE04EC0-301F-11D3-BF4B-00C04F79EFBC}") = "Meta.WitAi", "Meta.WitAi.csproj", "{B6F53330-012A-8B52-FFAF-AA9A4069D8F1}"
EndProject
Project("{FAE04EC0-301F-11D3-BF4B-00C04F79EFBC}") = "Oculus.Interaction.OVR.Samples", "Oculus.Interaction.OVR.Samples.csproj", "{56EB9713-C653-B85E-7EFA-99BD733B5DF4}"
EndProject
Project("{FAE04EC0-301F-11D3-BF4B-00C04F79EFBC}") = "Assembly-CSharp", "Assembly-CSharp.csproj", "{A6EE6007-BBF7-6E97-638F-949FBF5A5CCD}"
EndProject
Project("{FAE04EC0-301F-11D3-BF4B-00C04F79EFBC}") = "Meta.WitAi.Lib", "Meta.WitAi.Lib.csproj", "{9C7FAA95-C0FC-9AA5-297A-F7DA73F3EDC8}"
EndProject
Project("{FAE04EC0-301F-11D3-BF4B-00C04F79EFBC}") = "Oculus.VR.Editor", "Oculus.VR.Editor.csproj", "{9CFE0D6E-63DC-2D63-A7FD-56AC96EA3BA5}"
EndProject
Project("{FAE04EC0-301F-11D3-BF4B-00C04F79EFBC}") = "Meta.Voice.Hub.Runtime", "Meta.Voice.Hub.Runtime.csproj", "{D0CEC2FB-E90B-3F47-33AB-0F6628AFA77D}"
EndProject
Project("{FAE04EC0-301F-11D3-BF4B-00C04F79EFBC}") = "Oculus.Interaction.OVR.Editor", "Oculus.Interaction.OVR.Editor.csproj", "{70736544-73AD-2D80-61A6-98B5A444A321}"
EndProject
Project("{FAE04EC0-301F-11D3-BF4B-00C04F79EFBC}") = "VoiceSDK.Dictation.Runtime", "VoiceSDK.Dictation.Runtime.csproj", "{89755E98-28F4-0281-B23B-92D7CFCE7DDE}"
EndProject
Project("{FAE04EC0-301F-11D3-BF4B-00C04F79EFBC}") = "Oculus.LipSync", "Oculus.LipSync.csproj", "{1D940506-0F1C-73EA-47FD-CFB4F2DE7DE9}"
EndProject
Project("{FAE04EC0-301F-11D3-BF4B-00C04F79EFBC}") = "Oculus.Interaction.OVR", "Oculus.Interaction.OVR.csproj", "{A904AB60-E2B9-8C5C-44B5-7614C0EF791E}"
EndProject
Project("{FAE04EC0-301F-11D3-BF4B-00C04F79EFBC}") = "Meta.Voice.Hub.Editor", "Meta.Voice.Hub.Editor.csproj", "{76A19BAD-8DBD-2A14-1A35-170C697D54FB}"
EndProject
Project("{FAE04EC0-301F-11D3-BF4B-00C04F79EFBC}") = "VoiceSDK.Editor", "VoiceSDK.Editor.csproj", "{FB9C68A4-2249-37F1-E286-FE529411EA9D}"
EndProject
Project("{FAE04EC0-301F-11D3-BF4B-00C04F79EFBC}") = "Meta.WitAI.Lib.Editor", "Meta.WitAI.Lib.Editor.csproj", "{CA97119B-6F10-864D-C9F3-0F943F8804E5}"
EndProject
Project("{FAE04EC0-301F-11D3-BF4B-00C04F79EFBC}") = "Oculus.Spatializer.Editor", "Oculus.Spatializer.Editor.csproj", "{5E367471-023F-9DF4-E33B-DCBF30BC4B9D}"
EndProject
Project("{FAE04EC0-301F-11D3-BF4B-00C04F79EFBC}") = "AssistantCoreSDKRuntime", "AssistantCoreSDKRuntime.csproj", "{AC2B9243-B071-4F14-38E6-1D676A9A3B16}"
EndProject
Project("{FAE04EC0-301F-11D3-BF4B-00C04F79EFBC}") = "Oculus.AudioManager", "Oculus.AudioManager.csproj", "{67D17CF3-41BA-32D6-AEA1-BA38DB9904A0}"
EndProject
Project("{FAE04EC0-301F-11D3-BF4B-00C04F79EFBC}") = "VoiceSDK.Runtime", "VoiceSDK.Runtime.csproj", "{A498EF9A-524A-7645-8A61-2C2F690E739F}"
EndProject
Project("{FAE04EC0-301F-11D3-BF4B-00C04F79EFBC}") = "Facebook.Wit.Dictation", "Facebook.Wit.Dictation.csproj", "{5E3377DD-C5F7-50AC-0F6C-9E12010AA2EF}"
EndProject
Project("{FAE04EC0-301F-11D3-BF4B-00C04F79EFBC}") = "Meta.Voice.Samples.BuiltInTimer", "Meta.Voice.Samples.BuiltInTimer.csproj", "{02F0F058-794D-C5DB-4A4A-7007E2AE9B66}"
EndProject
Project("{FAE04EC0-301F-11D3-BF4B-00C04F79EFBC}") = "Oculus.Platform.Editor", "Oculus.Platform.Editor.csproj", "{5D610D02-EF0D-B0DB-CCFE-C26E5F6C5DA3}"
EndProject
Project("{FAE04EC0-301F-11D3-BF4B-00C04F79EFBC}") = "Meta.XR.BuildingBlocks.Editor", "Meta.XR.BuildingBlocks.Editor.csproj", "{363D5211-A05A-B2AF-D006-06DD63446402}"
EndProject
Project("{FAE04EC0-301F-11D3-BF4B-00C04F79EFBC}") = "Meta.Voice.Samples.TTSVoices", "Meta.Voice.Samples.TTSVoices.csproj", "{6F12DE0C-B1E5-3D04-C281-55D6B97F8D6A}"
EndProject
Project("{FAE04EC0-301F-11D3-BF4B-00C04F79EFBC}") = "Meta.Voice.VSDKHub.Editor", "Meta.Voice.VSDKHub.Editor.csproj", "{FB4E431B-8524-5925-7C57-9CB33DB95B53}"
EndProject
Project("{FAE04EC0-301F-11D3-BF4B-00C04F79EFBC}") = "Meta.WitAi.TTS", "Meta.WitAi.TTS.csproj", "{540B68FF-91B4-DDCB-85AD-76CEF941001D}"
EndProject
Project("{FAE04EC0-301F-11D3-BF4B-00C04F79EFBC}") = "Oculus.AudioManager.Audio.Editor", "Oculus.AudioManager.Audio.Editor.csproj", "{13C58BD6-654E-762F-4325-A2C555D4B83F}"
EndProject
Project("{FAE04EC0-301F-11D3-BF4B-00C04F79EFBC}") = "Assembly-CSharp-Editor", "Assembly-CSharp-Editor.csproj", "{A4E94F7E-52C2-5206-C8F5-AA6CB326E103}"
EndProject
Project("{FAE04EC0-301F-11D3-BF4B-00C04F79EFBC}") = "Meta.Voice.Samples.Chess", "Meta.Voice.Samples.Chess.csproj", "{2E079CFB-6D18-DEA9-2537-8671DCB7FC78}"
EndProject
Project("{FAE04EC0-301F-11D3-BF4B-00C04F79EFBC}") = "Oculus.VR.Scripts.Editor", "Oculus.VR.Scripts.Editor.csproj", "{17B0FAD9-4673-53F3-D4EE-6FFFCBBD6D66}"
EndProject
Project("{FAE04EC0-301F-11D3-BF4B-00C04F79EFBC}") = "Meta.Voice.Samples.LightTraits", "Meta.Voice.Samples.LightTraits.csproj", "{2F6CA791-9CFC-8E25-B067-BA98F2A060FD}"
EndProject
Project("{FAE04EC0-301F-11D3-BF4B-00C04F79EFBC}") = "Meta.Voice.Samples.Dictation", "Meta.Voice.Samples.Dictation.csproj", "{52BA7A6F-2B7D-0202-87AD-06C6C7FB47CF}"
EndProject
Project("{FAE04EC0-301F-11D3-BF4B-00C04F79EFBC}") = "Meta.Voice.Samples.Shapes", "Meta.Voice.Samples.Shapes.csproj", "{CEFA9A88-C7DC-EB4D-198D-FE7E4DC2442D}"
EndProject
Project("{FAE04EC0-301F-11D3-BF4B-00C04F79EFBC}") = "Oculus.Interaction.Samples.Editor", "Oculus.Interaction.Samples.Editor.csproj", "{E3F43194-A542-7884-F62E-99D2642F0235}"
EndProject
Project("{FAE04EC0-301F-11D3-BF4B-00C04F79EFBC}") = "Meta.WitAi.TTS.Editor", "Meta.WitAi.TTS.Editor.csproj", "{3674312C-208B-2B98-62CA-1CE55FE37960}"
EndProject
Project("{FAE04EC0-301F-11D3-BF4B-00C04F79EFBC}") = "Meta.XR.BuildingBlocks", "Meta.XR.BuildingBlocks.csproj", "{AD1A21A9-9CA3-9E2E-2376-85494AA1DBE4}"
EndProject
Project("{FAE04EC0-301F-11D3-BF4B-00C04F79EFBC}") = "Oculus.Spatializer", "Oculus.Spatializer.csproj", "{07378BF0-1BD0-B7DF-31B4-4AAA47141EB2}"
EndProject
Project("{FAE04EC0-301F-11D3-BF4B-00C04F79EFBC}") = "Oculus.LipSync.Editor", "Oculus.LipSync.Editor.csproj", "{9C3D92AE-B05A-3F23-E316-E4C2C7C26592}"
EndProject
Project("{FAE04EC0-301F-11D3-BF4B-00C04F79EFBC}") = "Oculus.AudioManager.Utils.Editor", "Oculus.AudioManager.Utils.Editor.csproj", "{F4DCCC66-C63D-5091-0BB7-8712C8661570}"
EndProject
Project("{FAE04EC0-301F-11D3-BF4B-00C04F79EFBC}") = "Meta.VoiceSDK.Mic.Common", "Meta.VoiceSDK.Mic.Common.csproj", "{DE909662-A6E3-2694-3CDD-20FD07FE0C10}"
EndProject
Project("{FAE04EC0-301F-11D3-BF4B-00C04F79EFBC}") = "VoiceSDK.Dictation.Editor", "VoiceSDK.Dictation.Editor.csproj", "{18AD2B83-8F10-3672-9180-454D2088C107}"
EndProject
Project("{FAE04EC0-301F-11D3-BF4B-00C04F79EFBC}") = "Meta.VoiceSDK.Mic.Other", "Meta.VoiceSDK.Mic.Other.csproj", "{FA306C49-099F-AB9A-7DE6-E9DC748FCFDA}"
EndProject
Project("{FAE04EC0-301F-11D3-BF4B-00C04F79EFBC}") = "AssistantCoreSDKEditor", "AssistantCoreSDKEditor.csproj", "{44CD2E0C-763B-CD47-3961-815EF1A33550}"
EndProject
Project("{FAE04EC0-301F-11D3-BF4B-00C04F79EFBC}") = "Oculus.Interaction.InterfaceSupport", "Oculus.Interaction.InterfaceSupport.csproj", "{F176D6AD-271C-DDD1-7011-D3D18124BABB}"
EndProject
Project("{FAE04EC0-301F-11D3-BF4B-00C04F79EFBC}") = "Meta.Voice.Samples.LiveUnderstanding", "Meta.Voice.Samples.LiveUnderstanding.csproj", "{F9205C2C-7C16-0710-7A0C-73AC51C75708}"
EndProject
Project("{FAE04EC0-301F-11D3-BF4B-00C04F79EFBC}") = "Facebook.Wit.Dictation.Editor", "Facebook.Wit.Dictation.Editor.csproj", "{FF3CD522-D90F-DF4B-F999-B73A47017B23}"
EndProject
Project("{FAE04EC0-301F-11D3-BF4B-00C04F79EFBC}") = "Meta.VoiceSDK.Mic.WebGL", "Meta.VoiceSDK.Mic.WebGL.csproj", "{EAE1079E-A385-D58F-7A3E-C08F8F9B1699}"
EndProject
Global
	GlobalSection(SolutionConfigurationPlatforms) = preSolution
		Debug|Any CPU = Debug|Any CPU
		Release|Any CPU = Release|Any CPU
	EndGlobalSection
	GlobalSection(ProjectConfigurationPlatforms) = postSolution
		{341A8C30-5809-8D70-540A-9B28F94F05B1}.Debug|Any CPU.ActiveCfg = Debug|Any CPU
		{341A8C30-5809-8D70-540A-9B28F94F05B1}.Debug|Any CPU.Build.0 = Debug|Any CPU
		{341A8C30-5809-8D70-540A-9B28F94F05B1}.Release|Any CPU.ActiveCfg = Release|Any CPU
		{341A8C30-5809-8D70-540A-9B28F94F05B1}.Release|Any CPU.Build.0 = Release|Any CPU
		{5C0EDDF8-0E60-68B5-3E7D-A4F9AFD6AC13}.Debug|Any CPU.ActiveCfg = Debug|Any CPU
		{5C0EDDF8-0E60-68B5-3E7D-A4F9AFD6AC13}.Debug|Any CPU.Build.0 = Debug|Any CPU
		{5C0EDDF8-0E60-68B5-3E7D-A4F9AFD6AC13}.Release|Any CPU.ActiveCfg = Release|Any CPU
		{5C0EDDF8-0E60-68B5-3E7D-A4F9AFD6AC13}.Release|Any CPU.Build.0 = Release|Any CPU
		{103E05F1-AF78-5B19-7AA3-C6B56401F71A}.Debug|Any CPU.ActiveCfg = Debug|Any CPU
		{103E05F1-AF78-5B19-7AA3-C6B56401F71A}.Debug|Any CPU.Build.0 = Debug|Any CPU
		{103E05F1-AF78-5B19-7AA3-C6B56401F71A}.Release|Any CPU.ActiveCfg = Release|Any CPU
		{103E05F1-AF78-5B19-7AA3-C6B56401F71A}.Release|Any CPU.Build.0 = Release|Any CPU
		{ABBB5529-B970-AD3E-1EED-A39A133A40B4}.Debug|Any CPU.ActiveCfg = Debug|Any CPU
		{ABBB5529-B970-AD3E-1EED-A39A133A40B4}.Debug|Any CPU.Build.0 = Debug|Any CPU
		{ABBB5529-B970-AD3E-1EED-A39A133A40B4}.Release|Any CPU.ActiveCfg = Release|Any CPU
		{ABBB5529-B970-AD3E-1EED-A39A133A40B4}.Release|Any CPU.Build.0 = Release|Any CPU
		{8AB9F13C-0599-8031-5CA8-CAC4924E8A1C}.Debug|Any CPU.ActiveCfg = Debug|Any CPU
		{8AB9F13C-0599-8031-5CA8-CAC4924E8A1C}.Debug|Any CPU.Build.0 = Debug|Any CPU
		{8AB9F13C-0599-8031-5CA8-CAC4924E8A1C}.Release|Any CPU.ActiveCfg = Release|Any CPU
		{8AB9F13C-0599-8031-5CA8-CAC4924E8A1C}.Release|Any CPU.Build.0 = Release|Any CPU
		{4CDD855E-E3B6-027B-56C8-D107FD2CA219}.Debug|Any CPU.ActiveCfg = Debug|Any CPU
		{4CDD855E-E3B6-027B-56C8-D107FD2CA219}.Debug|Any CPU.Build.0 = Debug|Any CPU
		{4CDD855E-E3B6-027B-56C8-D107FD2CA219}.Release|Any CPU.ActiveCfg = Release|Any CPU
		{4CDD855E-E3B6-027B-56C8-D107FD2CA219}.Release|Any CPU.Build.0 = Release|Any CPU
		{E201CF0D-9C7B-673E-1C01-65FF505752CA}.Debug|Any CPU.ActiveCfg = Debug|Any CPU
		{E201CF0D-9C7B-673E-1C01-65FF505752CA}.Debug|Any CPU.Build.0 = Debug|Any CPU
		{E201CF0D-9C7B-673E-1C01-65FF505752CA}.Release|Any CPU.ActiveCfg = Release|Any CPU
		{E201CF0D-9C7B-673E-1C01-65FF505752CA}.Release|Any CPU.Build.0 = Release|Any CPU
		{B1051335-B2BB-2ADC-748B-35C95FD81B05}.Debug|Any CPU.ActiveCfg = Debug|Any CPU
		{B1051335-B2BB-2ADC-748B-35C95FD81B05}.Debug|Any CPU.Build.0 = Debug|Any CPU
		{B1051335-B2BB-2ADC-748B-35C95FD81B05}.Release|Any CPU.ActiveCfg = Release|Any CPU
		{B1051335-B2BB-2ADC-748B-35C95FD81B05}.Release|Any CPU.Build.0 = Release|Any CPU
		{97AB7CC8-89AC-AEB8-91E2-D969C5D674C0}.Debug|Any CPU.ActiveCfg = Debug|Any CPU
		{97AB7CC8-89AC-AEB8-91E2-D969C5D674C0}.Debug|Any CPU.Build.0 = Debug|Any CPU
		{97AB7CC8-89AC-AEB8-91E2-D969C5D674C0}.Release|Any CPU.ActiveCfg = Release|Any CPU
		{97AB7CC8-89AC-AEB8-91E2-D969C5D674C0}.Release|Any CPU.Build.0 = Release|Any CPU
		{B6F53330-012A-8B52-FFAF-AA9A4069D8F1}.Debug|Any CPU.ActiveCfg = Debug|Any CPU
		{B6F53330-012A-8B52-FFAF-AA9A4069D8F1}.Debug|Any CPU.Build.0 = Debug|Any CPU
		{B6F53330-012A-8B52-FFAF-AA9A4069D8F1}.Release|Any CPU.ActiveCfg = Release|Any CPU
		{B6F53330-012A-8B52-FFAF-AA9A4069D8F1}.Release|Any CPU.Build.0 = Release|Any CPU
		{56EB9713-C653-B85E-7EFA-99BD733B5DF4}.Debug|Any CPU.ActiveCfg = Debug|Any CPU
		{56EB9713-C653-B85E-7EFA-99BD733B5DF4}.Debug|Any CPU.Build.0 = Debug|Any CPU
		{56EB9713-C653-B85E-7EFA-99BD733B5DF4}.Release|Any CPU.ActiveCfg = Release|Any CPU
		{56EB9713-C653-B85E-7EFA-99BD733B5DF4}.Release|Any CPU.Build.0 = Release|Any CPU
		{A6EE6007-BBF7-6E97-638F-949FBF5A5CCD}.Debug|Any CPU.ActiveCfg = Debug|Any CPU
		{A6EE6007-BBF7-6E97-638F-949FBF5A5CCD}.Debug|Any CPU.Build.0 = Debug|Any CPU
		{A6EE6007-BBF7-6E97-638F-949FBF5A5CCD}.Release|Any CPU.ActiveCfg = Release|Any CPU
		{A6EE6007-BBF7-6E97-638F-949FBF5A5CCD}.Release|Any CPU.Build.0 = Release|Any CPU
		{9C7FAA95-C0FC-9AA5-297A-F7DA73F3EDC8}.Debug|Any CPU.ActiveCfg = Debug|Any CPU
		{9C7FAA95-C0FC-9AA5-297A-F7DA73F3EDC8}.Debug|Any CPU.Build.0 = Debug|Any CPU
		{9C7FAA95-C0FC-9AA5-297A-F7DA73F3EDC8}.Release|Any CPU.ActiveCfg = Release|Any CPU
		{9C7FAA95-C0FC-9AA5-297A-F7DA73F3EDC8}.Release|Any CPU.Build.0 = Release|Any CPU
		{9CFE0D6E-63DC-2D63-A7FD-56AC96EA3BA5}.Debug|Any CPU.ActiveCfg = Debug|Any CPU
		{9CFE0D6E-63DC-2D63-A7FD-56AC96EA3BA5}.Debug|Any CPU.Build.0 = Debug|Any CPU
		{9CFE0D6E-63DC-2D63-A7FD-56AC96EA3BA5}.Release|Any CPU.ActiveCfg = Release|Any CPU
		{9CFE0D6E-63DC-2D63-A7FD-56AC96EA3BA5}.Release|Any CPU.Build.0 = Release|Any CPU
		{D0CEC2FB-E90B-3F47-33AB-0F6628AFA77D}.Debug|Any CPU.ActiveCfg = Debug|Any CPU
		{D0CEC2FB-E90B-3F47-33AB-0F6628AFA77D}.Debug|Any CPU.Build.0 = Debug|Any CPU
		{D0CEC2FB-E90B-3F47-33AB-0F6628AFA77D}.Release|Any CPU.ActiveCfg = Release|Any CPU
		{D0CEC2FB-E90B-3F47-33AB-0F6628AFA77D}.Release|Any CPU.Build.0 = Release|Any CPU
		{70736544-73AD-2D80-61A6-98B5A444A321}.Debug|Any CPU.ActiveCfg = Debug|Any CPU
		{70736544-73AD-2D80-61A6-98B5A444A321}.Debug|Any CPU.Build.0 = Debug|Any CPU
		{70736544-73AD-2D80-61A6-98B5A444A321}.Release|Any CPU.ActiveCfg = Release|Any CPU
		{70736544-73AD-2D80-61A6-98B5A444A321}.Release|Any CPU.Build.0 = Release|Any CPU
		{89755E98-28F4-0281-B23B-92D7CFCE7DDE}.Debug|Any CPU.ActiveCfg = Debug|Any CPU
		{89755E98-28F4-0281-B23B-92D7CFCE7DDE}.Debug|Any CPU.Build.0 = Debug|Any CPU
		{89755E98-28F4-0281-B23B-92D7CFCE7DDE}.Release|Any CPU.ActiveCfg = Release|Any CPU
		{89755E98-28F4-0281-B23B-92D7CFCE7DDE}.Release|Any CPU.Build.0 = Release|Any CPU
		{1D940506-0F1C-73EA-47FD-CFB4F2DE7DE9}.Debug|Any CPU.ActiveCfg = Debug|Any CPU
		{1D940506-0F1C-73EA-47FD-CFB4F2DE7DE9}.Debug|Any CPU.Build.0 = Debug|Any CPU
		{1D940506-0F1C-73EA-47FD-CFB4F2DE7DE9}.Release|Any CPU.ActiveCfg = Release|Any CPU
		{1D940506-0F1C-73EA-47FD-CFB4F2DE7DE9}.Release|Any CPU.Build.0 = Release|Any CPU
		{A904AB60-E2B9-8C5C-44B5-7614C0EF791E}.Debug|Any CPU.ActiveCfg = Debug|Any CPU
		{A904AB60-E2B9-8C5C-44B5-7614C0EF791E}.Debug|Any CPU.Build.0 = Debug|Any CPU
		{A904AB60-E2B9-8C5C-44B5-7614C0EF791E}.Release|Any CPU.ActiveCfg = Release|Any CPU
		{A904AB60-E2B9-8C5C-44B5-7614C0EF791E}.Release|Any CPU.Build.0 = Release|Any CPU
		{76A19BAD-8DBD-2A14-1A35-170C697D54FB}.Debug|Any CPU.ActiveCfg = Debug|Any CPU
		{76A19BAD-8DBD-2A14-1A35-170C697D54FB}.Debug|Any CPU.Build.0 = Debug|Any CPU
		{76A19BAD-8DBD-2A14-1A35-170C697D54FB}.Release|Any CPU.ActiveCfg = Release|Any CPU
		{76A19BAD-8DBD-2A14-1A35-170C697D54FB}.Release|Any CPU.Build.0 = Release|Any CPU
		{FB9C68A4-2249-37F1-E286-FE529411EA9D}.Debug|Any CPU.ActiveCfg = Debug|Any CPU
		{FB9C68A4-2249-37F1-E286-FE529411EA9D}.Debug|Any CPU.Build.0 = Debug|Any CPU
		{FB9C68A4-2249-37F1-E286-FE529411EA9D}.Release|Any CPU.ActiveCfg = Release|Any CPU
		{FB9C68A4-2249-37F1-E286-FE529411EA9D}.Release|Any CPU.Build.0 = Release|Any CPU
		{CA97119B-6F10-864D-C9F3-0F943F8804E5}.Debug|Any CPU.ActiveCfg = Debug|Any CPU
		{CA97119B-6F10-864D-C9F3-0F943F8804E5}.Debug|Any CPU.Build.0 = Debug|Any CPU
		{CA97119B-6F10-864D-C9F3-0F943F8804E5}.Release|Any CPU.ActiveCfg = Release|Any CPU
		{CA97119B-6F10-864D-C9F3-0F943F8804E5}.Release|Any CPU.Build.0 = Release|Any CPU
		{5E367471-023F-9DF4-E33B-DCBF30BC4B9D}.Debug|Any CPU.ActiveCfg = Debug|Any CPU
		{5E367471-023F-9DF4-E33B-DCBF30BC4B9D}.Debug|Any CPU.Build.0 = Debug|Any CPU
		{5E367471-023F-9DF4-E33B-DCBF30BC4B9D}.Release|Any CPU.ActiveCfg = Release|Any CPU
		{5E367471-023F-9DF4-E33B-DCBF30BC4B9D}.Release|Any CPU.Build.0 = Release|Any CPU
		{AC2B9243-B071-4F14-38E6-1D676A9A3B16}.Debug|Any CPU.ActiveCfg = Debug|Any CPU
		{AC2B9243-B071-4F14-38E6-1D676A9A3B16}.Debug|Any CPU.Build.0 = Debug|Any CPU
		{AC2B9243-B071-4F14-38E6-1D676A9A3B16}.Release|Any CPU.ActiveCfg = Release|Any CPU
		{AC2B9243-B071-4F14-38E6-1D676A9A3B16}.Release|Any CPU.Build.0 = Release|Any CPU
		{67D17CF3-41BA-32D6-AEA1-BA38DB9904A0}.Debug|Any CPU.ActiveCfg = Debug|Any CPU
		{67D17CF3-41BA-32D6-AEA1-BA38DB9904A0}.Debug|Any CPU.Build.0 = Debug|Any CPU
		{67D17CF3-41BA-32D6-AEA1-BA38DB9904A0}.Release|Any CPU.ActiveCfg = Release|Any CPU
		{67D17CF3-41BA-32D6-AEA1-BA38DB9904A0}.Release|Any CPU.Build.0 = Release|Any CPU
		{A498EF9A-524A-7645-8A61-2C2F690E739F}.Debug|Any CPU.ActiveCfg = Debug|Any CPU
		{A498EF9A-524A-7645-8A61-2C2F690E739F}.Debug|Any CPU.Build.0 = Debug|Any CPU
		{A498EF9A-524A-7645-8A61-2C2F690E739F}.Release|Any CPU.ActiveCfg = Release|Any CPU
		{A498EF9A-524A-7645-8A61-2C2F690E739F}.Release|Any CPU.Build.0 = Release|Any CPU
		{5E3377DD-C5F7-50AC-0F6C-9E12010AA2EF}.Debug|Any CPU.ActiveCfg = Debug|Any CPU
		{5E3377DD-C5F7-50AC-0F6C-9E12010AA2EF}.Debug|Any CPU.Build.0 = Debug|Any CPU
		{5E3377DD-C5F7-50AC-0F6C-9E12010AA2EF}.Release|Any CPU.ActiveCfg = Release|Any CPU
		{5E3377DD-C5F7-50AC-0F6C-9E12010AA2EF}.Release|Any CPU.Build.0 = Release|Any CPU
		{02F0F058-794D-C5DB-4A4A-7007E2AE9B66}.Debug|Any CPU.ActiveCfg = Debug|Any CPU
		{02F0F058-794D-C5DB-4A4A-7007E2AE9B66}.Debug|Any CPU.Build.0 = Debug|Any CPU
		{02F0F058-794D-C5DB-4A4A-7007E2AE9B66}.Release|Any CPU.ActiveCfg = Release|Any CPU
		{02F0F058-794D-C5DB-4A4A-7007E2AE9B66}.Release|Any CPU.Build.0 = Release|Any CPU
		{5D610D02-EF0D-B0DB-CCFE-C26E5F6C5DA3}.Debug|Any CPU.ActiveCfg = Debug|Any CPU
		{5D610D02-EF0D-B0DB-CCFE-C26E5F6C5DA3}.Debug|Any CPU.Build.0 = Debug|Any CPU
		{5D610D02-EF0D-B0DB-CCFE-C26E5F6C5DA3}.Release|Any CPU.ActiveCfg = Release|Any CPU
		{5D610D02-EF0D-B0DB-CCFE-C26E5F6C5DA3}.Release|Any CPU.Build.0 = Release|Any CPU
		{363D5211-A05A-B2AF-D006-06DD63446402}.Debug|Any CPU.ActiveCfg = Debug|Any CPU
		{363D5211-A05A-B2AF-D006-06DD63446402}.Debug|Any CPU.Build.0 = Debug|Any CPU
		{363D5211-A05A-B2AF-D006-06DD63446402}.Release|Any CPU.ActiveCfg = Release|Any CPU
		{363D5211-A05A-B2AF-D006-06DD63446402}.Release|Any CPU.Build.0 = Release|Any CPU
		{6F12DE0C-B1E5-3D04-C281-55D6B97F8D6A}.Debug|Any CPU.ActiveCfg = Debug|Any CPU
		{6F12DE0C-B1E5-3D04-C281-55D6B97F8D6A}.Debug|Any CPU.Build.0 = Debug|Any CPU
		{6F12DE0C-B1E5-3D04-C281-55D6B97F8D6A}.Release|Any CPU.ActiveCfg = Release|Any CPU
		{6F12DE0C-B1E5-3D04-C281-55D6B97F8D6A}.Release|Any CPU.Build.0 = Release|Any CPU
		{FB4E431B-8524-5925-7C57-9CB33DB95B53}.Debug|Any CPU.ActiveCfg = Debug|Any CPU
		{FB4E431B-8524-5925-7C57-9CB33DB95B53}.Debug|Any CPU.Build.0 = Debug|Any CPU
		{FB4E431B-8524-5925-7C57-9CB33DB95B53}.Release|Any CPU.ActiveCfg = Release|Any CPU
		{FB4E431B-8524-5925-7C57-9CB33DB95B53}.Release|Any CPU.Build.0 = Release|Any CPU
		{540B68FF-91B4-DDCB-85AD-76CEF941001D}.Debug|Any CPU.ActiveCfg = Debug|Any CPU
		{540B68FF-91B4-DDCB-85AD-76CEF941001D}.Debug|Any CPU.Build.0 = Debug|Any CPU
		{540B68FF-91B4-DDCB-85AD-76CEF941001D}.Release|Any CPU.ActiveCfg = Release|Any CPU
		{540B68FF-91B4-DDCB-85AD-76CEF941001D}.Release|Any CPU.Build.0 = Release|Any CPU
		{13C58BD6-654E-762F-4325-A2C555D4B83F}.Debug|Any CPU.ActiveCfg = Debug|Any CPU
		{13C58BD6-654E-762F-4325-A2C555D4B83F}.Debug|Any CPU.Build.0 = Debug|Any CPU
		{13C58BD6-654E-762F-4325-A2C555D4B83F}.Release|Any CPU.ActiveCfg = Release|Any CPU
		{13C58BD6-654E-762F-4325-A2C555D4B83F}.Release|Any CPU.Build.0 = Release|Any CPU
		{A4E94F7E-52C2-5206-C8F5-AA6CB326E103}.Debug|Any CPU.ActiveCfg = Debug|Any CPU
		{A4E94F7E-52C2-5206-C8F5-AA6CB326E103}.Debug|Any CPU.Build.0 = Debug|Any CPU
		{A4E94F7E-52C2-5206-C8F5-AA6CB326E103}.Release|Any CPU.ActiveCfg = Release|Any CPU
		{A4E94F7E-52C2-5206-C8F5-AA6CB326E103}.Release|Any CPU.Build.0 = Release|Any CPU
		{2E079CFB-6D18-DEA9-2537-8671DCB7FC78}.Debug|Any CPU.ActiveCfg = Debug|Any CPU
		{2E079CFB-6D18-DEA9-2537-8671DCB7FC78}.Debug|Any CPU.Build.0 = Debug|Any CPU
		{2E079CFB-6D18-DEA9-2537-8671DCB7FC78}.Release|Any CPU.ActiveCfg = Release|Any CPU
		{2E079CFB-6D18-DEA9-2537-8671DCB7FC78}.Release|Any CPU.Build.0 = Release|Any CPU
		{17B0FAD9-4673-53F3-D4EE-6FFFCBBD6D66}.Debug|Any CPU.ActiveCfg = Debug|Any CPU
		{17B0FAD9-4673-53F3-D4EE-6FFFCBBD6D66}.Debug|Any CPU.Build.0 = Debug|Any CPU
		{17B0FAD9-4673-53F3-D4EE-6FFFCBBD6D66}.Release|Any CPU.ActiveCfg = Release|Any CPU
		{17B0FAD9-4673-53F3-D4EE-6FFFCBBD6D66}.Release|Any CPU.Build.0 = Release|Any CPU
		{2F6CA791-9CFC-8E25-B067-BA98F2A060FD}.Debug|Any CPU.ActiveCfg = Debug|Any CPU
		{2F6CA791-9CFC-8E25-B067-BA98F2A060FD}.Debug|Any CPU.Build.0 = Debug|Any CPU
		{2F6CA791-9CFC-8E25-B067-BA98F2A060FD}.Release|Any CPU.ActiveCfg = Release|Any CPU
		{2F6CA791-9CFC-8E25-B067-BA98F2A060FD}.Release|Any CPU.Build.0 = Release|Any CPU
		{52BA7A6F-2B7D-0202-87AD-06C6C7FB47CF}.Debug|Any CPU.ActiveCfg = Debug|Any CPU
		{52BA7A6F-2B7D-0202-87AD-06C6C7FB47CF}.Debug|Any CPU.Build.0 = Debug|Any CPU
		{52BA7A6F-2B7D-0202-87AD-06C6C7FB47CF}.Release|Any CPU.ActiveCfg = Release|Any CPU
		{52BA7A6F-2B7D-0202-87AD-06C6C7FB47CF}.Release|Any CPU.Build.0 = Release|Any CPU
		{CEFA9A88-C7DC-EB4D-198D-FE7E4DC2442D}.Debug|Any CPU.ActiveCfg = Debug|Any CPU
		{CEFA9A88-C7DC-EB4D-198D-FE7E4DC2442D}.Debug|Any CPU.Build.0 = Debug|Any CPU
		{CEFA9A88-C7DC-EB4D-198D-FE7E4DC2442D}.Release|Any CPU.ActiveCfg = Release|Any CPU
		{CEFA9A88-C7DC-EB4D-198D-FE7E4DC2442D}.Release|Any CPU.Build.0 = Release|Any CPU
		{E3F43194-A542-7884-F62E-99D2642F0235}.Debug|Any CPU.ActiveCfg = Debug|Any CPU
		{E3F43194-A542-7884-F62E-99D2642F0235}.Debug|Any CPU.Build.0 = Debug|Any CPU
		{E3F43194-A542-7884-F62E-99D2642F0235}.Release|Any CPU.ActiveCfg = Release|Any CPU
		{E3F43194-A542-7884-F62E-99D2642F0235}.Release|Any CPU.Build.0 = Release|Any CPU
		{3674312C-208B-2B98-62CA-1CE55FE37960}.Debug|Any CPU.ActiveCfg = Debug|Any CPU
		{3674312C-208B-2B98-62CA-1CE55FE37960}.Debug|Any CPU.Build.0 = Debug|Any CPU
		{3674312C-208B-2B98-62CA-1CE55FE37960}.Release|Any CPU.ActiveCfg = Release|Any CPU
		{3674312C-208B-2B98-62CA-1CE55FE37960}.Release|Any CPU.Build.0 = Release|Any CPU
		{AD1A21A9-9CA3-9E2E-2376-85494AA1DBE4}.Debug|Any CPU.ActiveCfg = Debug|Any CPU
		{AD1A21A9-9CA3-9E2E-2376-85494AA1DBE4}.Debug|Any CPU.Build.0 = Debug|Any CPU
		{AD1A21A9-9CA3-9E2E-2376-85494AA1DBE4}.Release|Any CPU.ActiveCfg = Release|Any CPU
		{AD1A21A9-9CA3-9E2E-2376-85494AA1DBE4}.Release|Any CPU.Build.0 = Release|Any CPU
		{07378BF0-1BD0-B7DF-31B4-4AAA47141EB2}.Debug|Any CPU.ActiveCfg = Debug|Any CPU
		{07378BF0-1BD0-B7DF-31B4-4AAA47141EB2}.Debug|Any CPU.Build.0 = Debug|Any CPU
		{07378BF0-1BD0-B7DF-31B4-4AAA47141EB2}.Release|Any CPU.ActiveCfg = Release|Any CPU
		{07378BF0-1BD0-B7DF-31B4-4AAA47141EB2}.Release|Any CPU.Build.0 = Release|Any CPU
		{9C3D92AE-B05A-3F23-E316-E4C2C7C26592}.Debug|Any CPU.ActiveCfg = Debug|Any CPU
		{9C3D92AE-B05A-3F23-E316-E4C2C7C26592}.Debug|Any CPU.Build.0 = Debug|Any CPU
		{9C3D92AE-B05A-3F23-E316-E4C2C7C26592}.Release|Any CPU.ActiveCfg = Release|Any CPU
		{9C3D92AE-B05A-3F23-E316-E4C2C7C26592}.Release|Any CPU.Build.0 = Release|Any CPU
		{F4DCCC66-C63D-5091-0BB7-8712C8661570}.Debug|Any CPU.ActiveCfg = Debug|Any CPU
		{F4DCCC66-C63D-5091-0BB7-8712C8661570}.Debug|Any CPU.Build.0 = Debug|Any CPU
		{F4DCCC66-C63D-5091-0BB7-8712C8661570}.Release|Any CPU.ActiveCfg = Release|Any CPU
		{F4DCCC66-C63D-5091-0BB7-8712C8661570}.Release|Any CPU.Build.0 = Release|Any CPU
		{DE909662-A6E3-2694-3CDD-20FD07FE0C10}.Debug|Any CPU.ActiveCfg = Debug|Any CPU
		{DE909662-A6E3-2694-3CDD-20FD07FE0C10}.Debug|Any CPU.Build.0 = Debug|Any CPU
		{DE909662-A6E3-2694-3CDD-20FD07FE0C10}.Release|Any CPU.ActiveCfg = Release|Any CPU
		{DE909662-A6E3-2694-3CDD-20FD07FE0C10}.Release|Any CPU.Build.0 = Release|Any CPU
		{18AD2B83-8F10-3672-9180-454D2088C107}.Debug|Any CPU.ActiveCfg = Debug|Any CPU
		{18AD2B83-8F10-3672-9180-454D2088C107}.Debug|Any CPU.Build.0 = Debug|Any CPU
		{18AD2B83-8F10-3672-9180-454D2088C107}.Release|Any CPU.ActiveCfg = Release|Any CPU
		{18AD2B83-8F10-3672-9180-454D2088C107}.Release|Any CPU.Build.0 = Release|Any CPU
		{FA306C49-099F-AB9A-7DE6-E9DC748FCFDA}.Debug|Any CPU.ActiveCfg = Debug|Any CPU
		{FA306C49-099F-AB9A-7DE6-E9DC748FCFDA}.Debug|Any CPU.Build.0 = Debug|Any CPU
		{FA306C49-099F-AB9A-7DE6-E9DC748FCFDA}.Release|Any CPU.ActiveCfg = Release|Any CPU
		{FA306C49-099F-AB9A-7DE6-E9DC748FCFDA}.Release|Any CPU.Build.0 = Release|Any CPU
		{44CD2E0C-763B-CD47-3961-815EF1A33550}.Debug|Any CPU.ActiveCfg = Debug|Any CPU
		{44CD2E0C-763B-CD47-3961-815EF1A33550}.Debug|Any CPU.Build.0 = Debug|Any CPU
		{44CD2E0C-763B-CD47-3961-815EF1A33550}.Release|Any CPU.ActiveCfg = Release|Any CPU
		{44CD2E0C-763B-CD47-3961-815EF1A33550}.Release|Any CPU.Build.0 = Release|Any CPU
		{F176D6AD-271C-DDD1-7011-D3D18124BABB}.Debug|Any CPU.ActiveCfg = Debug|Any CPU
		{F176D6AD-271C-DDD1-7011-D3D18124BABB}.Debug|Any CPU.Build.0 = Debug|Any CPU
		{F176D6AD-271C-DDD1-7011-D3D18124BABB}.Release|Any CPU.ActiveCfg = Release|Any CPU
		{F176D6AD-271C-DDD1-7011-D3D18124BABB}.Release|Any CPU.Build.0 = Release|Any CPU
		{F9205C2C-7C16-0710-7A0C-73AC51C75708}.Debug|Any CPU.ActiveCfg = Debug|Any CPU
		{F9205C2C-7C16-0710-7A0C-73AC51C75708}.Debug|Any CPU.Build.0 = Debug|Any CPU
		{F9205C2C-7C16-0710-7A0C-73AC51C75708}.Release|Any CPU.ActiveCfg = Release|Any CPU
		{F9205C2C-7C16-0710-7A0C-73AC51C75708}.Release|Any CPU.Build.0 = Release|Any CPU
		{FF3CD522-D90F-DF4B-F999-B73A47017B23}.Debug|Any CPU.ActiveCfg = Debug|Any CPU
		{FF3CD522-D90F-DF4B-F999-B73A47017B23}.Debug|Any CPU.Build.0 = Debug|Any CPU
		{FF3CD522-D90F-DF4B-F999-B73A47017B23}.Release|Any CPU.ActiveCfg = Release|Any CPU
		{FF3CD522-D90F-DF4B-F999-B73A47017B23}.Release|Any CPU.Build.0 = Release|Any CPU
		{EAE1079E-A385-D58F-7A3E-C08F8F9B1699}.Debug|Any CPU.ActiveCfg = Debug|Any CPU
		{EAE1079E-A385-D58F-7A3E-C08F8F9B1699}.Debug|Any CPU.Build.0 = Debug|Any CPU
		{EAE1079E-A385-D58F-7A3E-C08F8F9B1699}.Release|Any CPU.ActiveCfg = Release|Any CPU
		{EAE1079E-A385-D58F-7A3E-C08F8F9B1699}.Release|Any CPU.Build.0 = Release|Any CPU
	EndGlobalSection
	GlobalSection(SolutionProperties) = preSolution
		HideSolutionNode = FALSE
	EndGlobalSection
EndGlobal
